<?xml version="1.0" encoding="utf-8"?>
<Project ToolsVersion="4.0" xmlns="http://schemas.microsoft.com/developer/msbuild/2003">
  <ItemGroup>
    <Filter Include="Source Files">
      <UniqueIdentifier>{4FC737F1-C7A5-4376-A066-2A32D752A2FF}</UniqueIdentifier>
      <Extensions>cpp;c;cc;cxx;c++;cppm;ixx;def;odl;idl;hpj;bat;asm;asmx</Extensions>
    </Filter>
    <Filter Include="Header Files">
      <UniqueIdentifier>{93995380-89BD-4b04-88EB-625FBE52EBFB}</UniqueIdentifier>
      <Extensions>h;hh;hpp;hxx;h++;hm;inl;inc;ipp;xsd</Extensions>
    </Filter>
    <Filter Include="Resource Files">
      <UniqueIdentifier>{67DA6AB6-F800-4c08-8B7A-83BB121AAD01}</UniqueIdentifier>
      <Extensions>rc;ico;cur;bmp;dlg;rc2;rct;bin;rgs;gif;jpg;jpeg;jpe;resx;tiff;tif;png;wav;mfcribbon-ms</Extensions>
    </Filter>
    <Filter Include="Header Files\Scene">
      <UniqueIdentifier>{89e82b08-4e58-4cd2-bdcf-a8ea5e3dcfcd}</UniqueIdentifier>
    </Filter>
    <Filter Include="Header Files\Engine">
      <UniqueIdentifier>{582ad544-950b-43ea-b245-81aa36f4090a}</UniqueIdentifier>
    </Filter>
    <Filter Include="Source Files\Sou">
      <UniqueIdentifier>{8146f7a7-e3c3-4960-a3ef-0e635e79915b}</UniqueIdentifier>
    </Filter>
    <Filter Include="Header Files\include">
      <UniqueIdentifier>{7785d8db-49c5-402b-ba8b-9b280947e4c5}</UniqueIdentifier>
    </Filter>
    <Filter Include="shader">
      <UniqueIdentifier>{e964cd91-fcf2-4394-835c-b05e6fb17f7c}</UniqueIdentifier>
    </Filter>
  </ItemGroup>
  <ItemGroup>
    <ClCompile Include="main.cpp">
      <Filter>Source Files</Filter>
    </ClCompile>
    <ClCompile Include="Scene\Actor.cpp">
      <Filter>Source Files\Sou</Filter>
    </ClCompile>
    <ClCompile Include="Engine\rd_imgui.cpp">
      <Filter>Source Files\Sou</Filter>
    </ClCompile>
    <ClCompile Include="Scene\Terrain.cpp">
      <Filter>Source Files\Sou</Filter>
    </ClCompile>
    <ClCompile Include="Engine\Windows.cpp">
      <Filter>Source Files\Sou</Filter>
    </ClCompile>
    <ClCompile Include="include\imgui\imgui.cpp">
      <Filter>Source Files</Filter>
    </ClCompile>
    <ClCompile Include="include\imgui\imgui_demo.cpp">
      <Filter>Source Files</Filter>
    </ClCompile>
    <ClCompile Include="include\imgui\imgui_draw.cpp">
      <Filter>Source Files</Filter>
    </ClCompile>
    <ClCompile Include="include\imgui\imgui_impl_glfw.cpp">
      <Filter>Source Files</Filter>
    </ClCompile>
    <ClCompile Include="include\imgui\imgui_impl_opengl3.cpp">
      <Filter>Source Files</Filter>
    </ClCompile>
    <ClCompile Include="include\imgui\imgui_tables.cpp">
      <Filter>Source Files</Filter>
    </ClCompile>
    <ClCompile Include="include\imgui\imgui_widgets.cpp">
      <Filter>Source Files</Filter>
    </ClCompile>
    <ClCompile Include="include\glad.c">
      <Filter>Source Files</Filter>
    </ClCompile>
    <ClCompile Include="Scene\Skybox.cpp">
      <Filter>Source Files</Filter>
    </ClCompile>
    <ClCompile Include="Scene\Basicshape\Plane.cpp">
      <Filter>Source Files</Filter>
    </ClCompile>
    <ClCompile Include="Scene\Water.cpp">
      <Filter>Source Files</Filter>
    </ClCompile>
    <ClCompile Include="Engine\Shader.cpp">
      <Filter>Source Files</Filter>
    </ClCompile>
    <ClCompile Include="Scene\Basicshape\ibox.cpp">
      <Filter>Source Files</Filter>
    </ClCompile>
  </ItemGroup>
  <ItemGroup>
    <ClInclude Include="Scene\Actor.h">
      <Filter>Header Files\Scene</Filter>
    </ClInclude>
    <ClInclude Include="Scene\Camera.h">
      <Filter>Header Files\Scene</Filter>
    </ClInclude>
    <ClInclude Include="Scene\Terrain.h">
      <Filter>Header Files\Scene</Filter>
    </ClInclude>
    <ClInclude Include="Engine\Windows.h">
      <Filter>Header Files\Engine</Filter>
    </ClInclude>
    <ClInclude Include="Engine\rd_imgui.h">
      <Filter>Header Files\Engine</Filter>
    </ClInclude>
    <ClInclude Include="Engine\Shader.h">
      <Filter>Header Files\Engine</Filter>
    </ClInclude>
    <ClInclude Include="include\Trimesh2\XForm.h">
      <Filter>Header Files\include</Filter>
    </ClInclude>
    <ClInclude Include="include\Trimesh2\Box.h">
      <Filter>Header Files\include</Filter>
    </ClInclude>
    <ClInclude Include="include\Trimesh2\bsphere.h">
      <Filter>Header Files\include</Filter>
    </ClInclude>
    <ClInclude Include="include\Trimesh2\Color.h">
      <Filter>Header Files\include</Filter>
    </ClInclude>
    <ClInclude Include="include\Trimesh2\GL\freeglut.h">
      <Filter>Header Files\include</Filter>
    </ClInclude>
    <ClInclude Include="include\Trimesh2\GL\freeglut_ext.h">
      <Filter>Header Files\include</Filter>
    </ClInclude>
    <ClInclude Include="include\Trimesh2\GL\freeglut_std.h">
      <Filter>Header Files\include</Filter>
    </ClInclude>
    <ClInclude Include="include\glad.h">
      <Filter>Header Files\include</Filter>
    </ClInclude>
    <ClInclude Include="include\Trimesh2\GLCamera.h">
      <Filter>Header Files\include</Filter>
    </ClInclude>
    <ClInclude Include="include\Trimesh2\GL\glui.h">
      <Filter>Header Files\include</Filter>
    </ClInclude>
    <ClInclude Include="include\Trimesh2\GL\glut.h">
      <Filter>Header Files\include</Filter>
    </ClInclude>
    <ClInclude Include="include\Trimesh2\ICP.h">
      <Filter>Header Files\include</Filter>
    </ClInclude>
    <ClInclude Include="include\imgui\imconfig.h">
      <Filter>Header Files\include</Filter>
    </ClInclude>
    <ClInclude Include="include\imgui\imgui.h">
      <Filter>Header Files\include</Filter>
    </ClInclude>
    <ClInclude Include="include\imgui\imgui_impl_glfw.h">
      <Filter>Header Files\include</Filter>
    </ClInclude>
    <ClInclude Include="include\imgui\imgui_impl_metal.h">
      <Filter>Header Files\include</Filter>
    </ClInclude>
    <ClInclude Include="include\imgui\imgui_impl_opengl3.h">
      <Filter>Header Files\include</Filter>
    </ClInclude>
    <ClInclude Include="include\imgui\imgui_impl_opengl3_loader.h">
      <Filter>Header Files\include</Filter>
    </ClInclude>
    <ClInclude Include="include\imgui\imgui_impl_osx.h">
      <Filter>Header Files\include</Filter>
    </ClInclude>
    <ClInclude Include="include\imgui\imgui_internal.h">
      <Filter>Header Files\include</Filter>
    </ClInclude>
    <ClInclude Include="include\imgui\imstb_rectpack.h">
      <Filter>Header Files\include</Filter>
    </ClInclude>
    <ClInclude Include="include\imgui\imstb_textedit.h">
      <Filter>Header Files\include</Filter>
    </ClInclude>
    <ClInclude Include="include\imgui\imstb_truetype.h">
      <Filter>Header Files\include</Filter>
    </ClInclude>
    <ClInclude Include="include\Trimesh2\KDtree.h">
      <Filter>Header Files\include</Filter>
    </ClInclude>
    <ClInclude Include="include\Trimesh2\lineqn.h">
      <Filter>Header Files\include</Filter>
    </ClInclude>
    <ClInclude Include="include\Trimesh2\mempool.h">
      <Filter>Header Files\include</Filter>
    </ClInclude>
    <ClInclude Include="include\Trimesh2\noise3d.h">
      <Filter>Header Files\include</Filter>
    </ClInclude>
    <ClInclude Include="include\stb_image.h">
      <Filter>Header Files\include</Filter>
    </ClInclude>
    <ClInclude Include="include\Trimesh2\strutil.h">
      <Filter>Header Files\include</Filter>
    </ClInclude>
    <ClInclude Include="include\Trimesh2\timestamp.h">
      <Filter>Header Files\include</Filter>
    </ClInclude>
    <ClInclude Include="include\Trimesh2\TriMesh.h">
      <Filter>Header Files\include</Filter>
    </ClInclude>
    <ClInclude Include="include\Trimesh2\TriMesh_algo.h">
      <Filter>Header Files\include</Filter>
    </ClInclude>
    <ClInclude Include="include\Trimesh2\Vec.h">
      <Filter>Header Files\include</Filter>
    </ClInclude>
    <ClInclude Include="Scene\Water.h">
      <Filter>Header Files</Filter>
    </ClInclude>
    <ClInclude Include="Scene\Skybox.h">
      <Filter>Header Files</Filter>
    </ClInclude>
    <ClInclude Include="Scene\SceneInfo.h">
      <Filter>Header Files</Filter>
    </ClInclude>
    <ClInclude Include="Scene\Basicshape\Plane.h">
      <Filter>Header Files</Filter>
    </ClInclude>
    <ClInclude Include="Scene\Basicshape\ibox.h">
      <Filter>Header Files</Filter>
    </ClInclude>
  </ItemGroup>
  <ItemGroup>
    <None Include="packages.config" />
    <None Include="shader\skybox.frag.glsl">
      <Filter>shader</Filter>
    </None>
    <None Include="shader\skybox.vert.glsl">
      <Filter>shader</Filter>
    </None>
    <None Include="shader\water.frag.glsl">
      <Filter>shader</Filter>
    </None>
    <None Include="shader\water.vert.glsl">
      <Filter>shader</Filter>
    </None>
    <None Include="shader\main.vert.glsl">
      <Filter>shader</Filter>
    </None>
    <None Include="shader\main.frag.glsl">
      <Filter>shader</Filter>
    </None>
    <None Include="shader\fshader.glsl">
      <Filter>shader</Filter>
    </None>
    <None Include="shader\terrain.frag.glsl">
      <Filter>shader</Filter>
    </None>
    <None Include="shader\terrain.tcs.glsl">
      <Filter>shader</Filter>
    </None>
    <None Include="shader\terrain.tes.glsl">
      <Filter>shader</Filter>
    </None>
    <None Include="shader\terrain.vert.glsl">
      <Filter>shader</Filter>
    </None>
  </ItemGroup>
</Project>